github.com/alangpierce/go-forceexport v0.0.0-20160317203124-8f1d6941cd75 h1:3ILjVyslFbc4jl1w5TWuvvslFD/nDfR2H8tVaMVLrEY=
github.com/alangpierce/go-forceexport v0.0.0-20160317203124-8f1d6941cd75/go.mod h1:uAXEEpARkRhCZfEvy/y0Jcc888f9tHCc1W7/UeEtreE=
github.com/aristanetworks/goarista v0.0.0-20190712234253-ed1100a1c015 h1:7ABPr1+uJdqESAdlVevnc/2FJGiC/K3uMg1JiELeF+0=
github.com/aristanetworks/goarista v0.0.0-20190712234253-ed1100a1c015/go.mod h1:D/tb0zPVXnP7fmsLZjtdUhSsumbK/ij54UXjjVgMGxQ=
github.com/cheekybits/genny v1.0.0 h1:uGGa4nei+j20rOSeDeP5Of12XVm7TGUd4dJA9RDitfE=
github.com/cheekybits/genny v1.0.0/go.mod h1:+tQajlRqAUrPI7DOSpB0XAqZYtQakVtB7wXkRAgjxjQ=
github.com/davecgh/go-spew v1.1.0 h1:ZDRjVQ15GmhC3fiQ8ni8+OwkZQO4DARzQgrnXU1Liz8=
github.com/davecgh/go-spew v1.1.0/go.mod h1:J7Y8YcW2NihsgmVo/mv3lAwl/skON4iLHjSsI+c5H38=
github.com/fsnotify/fsnotify v1.4.7 h1:IXs+QLmnXW2CcXuY+8Mzv/fWEsPGWxqefPtCP5CnV9I=
github.com/fsnotify/fsnotify v1.4.7/go.mod h1:jwhsz4b93w/PPRr/qN1Yymfu8t87LnFCMoQvtojpjFo=
github.com/getlantern/context v0.0.0-20190109183933-c447772a6520 h1:NRUJuo3v3WGC/g5YiyF790gut6oQr5f3FBI88Wv0dx4=
github.com/getlantern/context v0.0.0-20190109183933-c447772a6520/go.mod h1:L+mq6/vvYHKjCX2oez0CgEAJmbq1fbb/oNJIWQkBybY=
github.com/getlantern/ema v0.0.0-20190620044903-5943d28f40e4 h1:PMK8QQn9GLTQXdHnqoNhyToOa8snagaZVt9Xb36NEUc=
github.com/getlantern/ema v0.0.0-20190620044903-5943d28f40e4/go.mod h1:tzRwT19aDrWSr6yRDs8iOvaXXCau96EgWsgGT9wIpoQ=
github.com/getlantern/errors v0.0.0-20190325191628-abdb3e3e36f7 h1:6uJ+sZ/e03gkbqZ0kUG6mfKoqDb4XMAzMIwlajq19So=
github.com/getlantern/errors v0.0.0-20190325191628-abdb3e3e36f7/go.mod h1:l+xpFBrCtDLpK9qNjxs+cHU6+BAdlBaxHqikB6Lku3A=
github.com/getlantern/fdcount v0.0.0-20170105153814-6a6cb5839bc5 h1:8Q9iN/V24EG01IgXEKVScth/rTXpplBxCYio/yIKtUw=
github.com/getlantern/fdcount v0.0.0-20170105153814-6a6cb5839bc5/go.mod h1:XZwE+iIlAgr64OFbXKFNCllBwV4wEipPx8Hlo2gZdbM=
github.com/getlantern/golog v0.0.0-20190809085441-26e09e6dd330 h1:BQIvwKkAWNoyQFtjk89XRV+GK0fT7Zvl1oHrp9Zhfl0=
github.com/getlantern/golog v0.0.0-20190809085441-26e09e6dd330/go.mod h1:zx/1xUUeYPy3Pcmet8OSXLbF47l+3y6hIPpyLWoR9oc=
github.com/getlantern/hex v0.0.0-20190417191902-c6586a6fe0b7 h1:micT5vkcr9tOVk1FiH8SWKID8ultN44Z+yzd2y/Vyb0=
github.com/getlantern/hex v0.0.0-20190417191902-c6586a6fe0b7/go.mod h1:dD3CgOrwlzca8ed61CsZouQS5h5jIzkK9ZWrTcf0s+o=
github.com/getlantern/hidden v0.0.0-20190325191715-f02dbb02be55 h1:XYzSdCbkzOC0FDNrgJqGRo8PCMFOBFL9py72DRs7bmc=
github.com/getlantern/hidden v0.0.0-20190325191715-f02dbb02be55/go.mod h1:6mmzY2kW1TOOrVy+r41Za2MxXM+hhqTtY3oBKd2AgFA=
github.com/getlantern/mockconn v0.0.0-20190708122800-637bd46d8034 h1:YtJxkucYlrHcD89/TIPAYIdOm8GGO7/xKUjDS6ZJFs4=
github.com/getlantern/mockconn v0.0.0-20190708122800-637bd46d8034/go.mod h1:+F5GJ7qGpQ03DBtcOEyQpM30ix4BLswdaojecFtsdy8=
github.com/getlantern/mtime v0.0.0-20170117193331-ba114e4a82b0 h1:1VNkP55LM/W2IwWN+qi+5X3gZcEQHfj8X9E+FNxVgM4=
github.com/getlantern/mtime v0.0.0-20170117193331-ba114e4a82b0/go.mod h1:u537FS7ld4Whf7h7/0ql/myAudWWBNgeRhgE9XXH4Pk=
github.com/getlantern/netx v0.0.0-20190110220209-9912de6f94fd h1:mn98vs69Kqw56iKhR82mjk16Q1q5aDFFW0E89/QbXkQ=
github.com/getlantern/netx v0.0.0-20190110220209-9912de6f94fd/go.mod h1:wKdY0ikOgzrWSeB9UyBVKPRhjXQ+vTb+BPeJuypUuNE=
github.com/getlantern/ops v0.0.0-20190325191751-d70cb0d6f85f h1:wrYrQttPS8FHIRSlsrcuKazukx/xqO/PpLZzZXsF+EA=
github.com/getlantern/ops v0.0.0-20190325191751-d70cb0d6f85f/go.mod h1:D5ao98qkA6pxftxoqzibIBBrLSUli+kYnJqrgBf9cIA=
github.com/getlantern/quic-go v0.0.0-20191219204746-3e5f0cb35e55 h1:TXzKL46/Nx5O96xeq2sCZgCTWKUZyIrfok+ISCVs+fU=
github.com/getlantern/quic-go v0.0.0-20191219204746-3e5f0cb35e55/go.mod h1:Vn3/Fb0/77b02SGhQk36KzOUmXgVpFfizUfW5WMaqyU=
github.com/getlantern/quic-go v0.0.0-20191223171412-2b2a2601ea4e h1:8RQGC2F86/AyA6aAew7Q5j+K+VNDD/W12FvJAoJfYtU=
github.com/getlantern/quic-go v0.0.0-20191223171412-2b2a2601ea4e/go.mod h1:Vn3/Fb0/77b02SGhQk36KzOUmXgVpFfizUfW5WMaqyU=
github.com/getlantern/quic-go v0.0.0-20200109131235-4e6b5e6a11f8 h1:s8Zc/CkrQYv0yxcRErYWe+PurucFGjdoR1RjAaFqbpg=
github.com/getlantern/quic-go v0.0.0-20200109131235-4e6b5e6a11f8/go.mod h1:PkWyieBVXIRqIeeliNF40vzOQipBkQKSOiKRaBgb4zc=
github.com/getlantern/quic-go v0.0.0-20200110040505-6e02a255c65c h1:jRaeAUf4hAklnZFMhd6pfJdNYHqsA1c5NYgaazg8YXY=
github.com/getlantern/quic-go v0.0.0-20200110040505-6e02a255c65c/go.mod h1:PkWyieBVXIRqIeeliNF40vzOQipBkQKSOiKRaBgb4zc=
github.com/getlantern/quic-go v0.0.0-20200127153530-c9e7d8dbb97f h1:1G1+/321MDSNJZW+VVoohik1xbwsRLQ3jTgSSxfDkO8=
github.com/getlantern/quic-go v0.0.0-20200127153530-c9e7d8dbb97f/go.mod h1:PkWyieBVXIRqIeeliNF40vzOQipBkQKSOiKRaBgb4zc=
github.com/getlantern/quic-go v0.0.0-20200128232843-36c1f8dece87 h1:bm7UVXvXZxoQ3QQzbQ+RvTXj9tiHKFOErFu0Ja9fM7A=
github.com/getlantern/quic-go v0.0.0-20200128232843-36c1f8dece87/go.mod h1:DiJkZNH5V6CoCjp4Dh3OWnuMa5XFyUkV1wVn1AD37gc=
github.com/getlantern/quic-go v0.0.0-20200129134926-9621e3f51a88 h1:CTIAzonV0d9vREgw4AM/emwsEmqo0gTydvTf7rSr7mE=
github.com/getlantern/quic-go v0.0.0-20200129134926-9621e3f51a88/go.mod h1:eQYBSwPmn3RPkQFvquHn6a0mFowpyfauR/UnGpEgn+w=
github.com/getlantern/quic-go v0.0.0-20200129225515-f0142adfc7dd h1:4k+iwU6wUjbB81693LVTf3UGoHcT4fWShJfJHX3vfKo=
github.com/getlantern/quic-go v0.0.0-20200129225515-f0142adfc7dd/go.mod h1:eQYBSwPmn3RPkQFvquHn6a0mFowpyfauR/UnGpEgn+w=
github.com/go-stack/stack v1.8.0 h1:5SgMzNM5HxrEjV0ww2lTmX6E2Izsfxas4+YHWRs3Lsk=
github.com/go-stack/stack v1.8.0/go.mod h1:v0f6uXyyMGvRgIKkXu+yp6POWl0qKG85gN/melR3HDY=
github.com/golang/mock v1.2.0 h1:28o5sBqPkBsMGnC6b4MvE2TzSr5/AT4c/1fLqVGIwlk=
github.com/golang/mock v1.2.0/go.mod h1:oTYuIxOrZwtPieC+H1uAHpcLFnEyAGVDL/k47Jfbm0A=
github.com/golang/mock v1.4.0/go.mod h1:UOMv5ysSaYNkG+OFQykRIcU/QvvxJf3p21QfJ2Bt3cw=
github.com/golang/protobuf v1.2.0/go.mod h1:6lQm79b+lXiMfvg/cZm0SGofjICqVBUtrP5yJMmIC1U=
github.com/golang/protobuf v1.3.0 h1:kbxbvI4Un1LUWKxufD+BiE6AEExYYgkQLQmLFqA1LFk=
github.com/golang/protobuf v1.3.0/go.mod h1:Qd/q+1AKNOZr9uGQzbzCmRO6sUih6GTPZv6a1/R87v0=
github.com/hpcloud/tail v1.0.0 h1:nfCOvKYfkgYP8hkirhJocXT2+zOD8yUNjXaWfTlyFKI=
github.com/hpcloud/tail v1.0.0/go.mod h1:ab1qPbhIpdTxEkNHXyeSf5vhxWSCs/tWer42PpOxQnU=
github.com/marten-seemann/chacha20 v0.2.0 h1:f40vqzzx+3GdOmzQoItkLX5WLvHgPgyYqFFIO5Gh4hQ=
github.com/marten-seemann/chacha20 v0.2.0/go.mod h1:HSdjFau7GzYRj+ahFNwsO3ouVJr1HFkWoEwNDb4TMtE=
github.com/marten-seemann/qpack v0.1.0/go.mod h1:LFt1NU/Ptjip0C2CPkhimBz5CGE3WGDAUWqna+CNTrI=
github.com/marten-seemann/qtls v0.4.1 h1:YlT8QP3WCCvvok7MGEZkMldXbyqgr8oFg5/n8Gtbkks=
github.com/marten-seemann/qtls v0.4.1/go.mod h1:pxVXcHHw1pNIt8Qo0pwSYQEoZ8yYOOPXTCZLQQunvRc=
github.com/marten-seemann/qtls v0.5.0 h1:psje4bHl6372lku0pTIt2PZ9HcVJyBIuW9pZn+u2vhY=
github.com/marten-seemann/qtls v0.5.0/go.mod h1:pxVXcHHw1pNIt8Qo0pwSYQEoZ8yYOOPXTCZLQQunvRc=
github.com/onsi/ginkgo v1.6.0/go.mod h1:lLunBs/Ym6LB5Z9jYTR76FiuTmxDTDusOGeTQH+WWjE=
github.com/onsi/ginkgo v1.7.0 h1:WSHQ+IS43OoUrWtD1/bbclrwK8TTH5hzp+umCiuxHgs=
github.com/onsi/ginkgo v1.7.0/go.mod h1:lLunBs/Ym6LB5Z9jYTR76FiuTmxDTDusOGeTQH+WWjE=
github.com/onsi/ginkgo v1.11.0/go.mod h1:lLunBs/Ym6LB5Z9jYTR76FiuTmxDTDusOGeTQH+WWjE=
github.com/onsi/gomega v1.4.3 h1:RE1xgDvH7imwFD45h+u2SgIfERHlS2yNG4DObb5BSKU=
github.com/onsi/gomega v1.4.3/go.mod h1:ex+gbHU/CVuBBDIJjb2X0qEXbFg53c61hWP/1CpauHY=
github.com/onsi/gomega v1.8.1/go.mod h1:Ho0h+IUsWyvy1OpqCwxlQ/21gkhVunqlU8fDGcoTdcA=
github.com/oxtoacart/bpool v0.0.0-20190530202638-03653db5a59c h1:rp5dCmg/yLR3mgFuSOe4oEnDDmGLROTvMragMUXpTQw=
github.com/oxtoacart/bpool v0.0.0-20190530202638-03653db5a59c/go.mod h1:X07ZCGwUbLaax7L0S3Tw4hpejzu63ZrrQiUe6W0hcy0=
github.com/pmezard/go-difflib v1.0.0 h1:4DBwDE0NGyQoBHbLQYPwSUPoCMWR5BEzIk/f1lZbAQM=
github.com/pmezard/go-difflib v1.0.0/go.mod h1:iKH77koFhYxTK1pcRnkKkqfTogsbg7gZNVY4sRDYZ/4=
github.com/stretchr/objx v0.1.0/go.mod h1:HFkY916IF+rwdDfMAkV7OtwuqBVzrE8GR6GFx+wExME=
github.com/stretchr/testify v1.3.0 h1:TivCn/peBQ7UY8ooIcPgZFpTNSz0Q2U6UrFlUfqbe0Q=
github.com/stretchr/testify v1.3.0/go.mod h1:M5WIy9Dh21IEIfnGCwXGc5bZfKNJtfHm1UVUgZn+9EI=
golang.org/x/crypto v0.0.0-20190308221718-c2843e01d9a2/go.mod h1:djNgcEr1/C05ACkg1iLfiJU5Ep61QUkGW8qpdssI0+w=
golang.org/x/crypto v0.0.0-20190829043050-9756ffdc2472 h1:Gv7RPwsi3eZ2Fgewe3CBsuOebPwO27PoXzRpJPsvSSM=
golang.org/x/crypto v0.0.0-20190829043050-9756ffdc2472/go.mod h1:yigFU9vqHzYiE8UmvKecakEJjdnWj3jj499lnFckfCI=
golang.org/x/net v0.0.0-20180906233101-161cd47e91fd/go.mod h1:mL1N/T3taQHkDXs73rZJwtUhF3w3ftmwwsq0BUmARs4=
golang.org/x/net v0.0.0-20190228165749-92fc7df08ae7/go.mod h1:mL1N/T3taQHkDXs73rZJwtUhF3w3ftmwwsq0BUmARs4=
golang.org/x/net v0.0.0-20190311183353-d8887717615a/go.mod h1:t9HGtf8HONx5eT2rtn7q6eTqICYqUVnKs3thJo3Qplg=
golang.org/x/net v0.0.0-20190404232315-eb5bcb51f2a3 h1:0GoQqolDA55aaLxZyTzK/Y2ePZzZTUrRacwib7cNsYQ=
golang.org/x/net v0.0.0-20190404232315-eb5bcb51f2a3/go.mod h1:t9HGtf8HONx5eT2rtn7q6eTqICYqUVnKs3thJo3Qplg=
golang.org/x/sync v0.0.0-20180314180146-1d60e4601c6f/go.mod h1:RxMgew5VJxzue5/jJTE5uejpjVlOe/izrB70Jof72aM=
golang.org/x/sync v0.0.0-20190423024810-112230192c58 h1:8gQV6CLnAEikrhgkHFbMAEhagSSnXWGV915qUMm9mrU=
golang.org/x/sync v0.0.0-20190423024810-112230192c58/go.mod h1:RxMgew5VJxzue5/jJTE5uejpjVlOe/izrB70Jof72aM=
golang.org/x/sys v0.0.0-20180909124046-d0be0721c37e/go.mod h1:STP8DvDyc/dI5b8T5hshtkjS+E42TnysNCUPdjciGhY=
golang.org/x/sys v0.0.0-20190215142949-d0b11bdaac8a/go.mod h1:STP8DvDyc/dI5b8T5hshtkjS+E42TnysNCUPdjciGhY=
golang.org/x/sys v0.0.0-20190412213103-97732733099d/go.mod h1:h1NjWce9XRLGQEsW7wpKNCjG9DtNlClVuFLEZdDNbEs=
golang.org/x/sys v0.0.0-20190904154756-749cb33beabd h1:DBH9mDw0zluJT/R+nGuV3jWFWLFaHyYZWD4tOT+cjn0=
golang.org/x/sys v0.0.0-20190904154756-749cb33beabd/go.mod h1:h1NjWce9XRLGQEsW7wpKNCjG9DtNlClVuFLEZdDNbEs=
golang.org/x/text v0.0.0-20170915032832-14c0d48ead0c/go.mod h1:NqM8EUOU14njkJ3fqMW+pc6Ldnwhi/IjpwHt7yyuwOQ=
golang.org/x/text v0.3.0 h1:g61tztE5qeGQ89tm6NTjjM9VPIm088od1l6aSorWRWg=
golang.org/x/text v0.3.0/go.mod h1:NqM8EUOU14njkJ3fqMW+pc6Ldnwhi/IjpwHt7yyuwOQ=
golang.org/x/tools v0.0.0-20190425150028-36563e24a262/go.mod h1:RgjU9mgBXZiqYHBnxXauZ1Gv1EHHAz9KjViQ78xBX0Q=
golang.org/x/xerrors v0.0.0-20190717185122-a985d3407aa7/go.mod h1:I/5z698sn9Ka8TeJc9MKroUUfqBBauWjQqLJ2OPfmY0=
google.golang.org/genproto v0.0.0-20180831171423-11092d34479b/go.mod h1:JiN7NxoALGmiZfu7CAH4rXhgtRTLTxftemlI0sWmxmc=
gopkg.in/check.v1 v0.0.0-20161208181325-20d25e280405 h1:yhCVgyC4o1eVCa2tZl7eS0r+SDo693bJlVdllGtEeKM=
gopkg.in/check.v1 v0.0.0-20161208181325-20d25e280405/go.mod h1:Co6ibVJAznAaIkqp8huTwlJQCZ016jof/cbN4VW5Yz0=
gopkg.in/fsnotify.v1 v1.4.7 h1:xOHLXZwVvI9hhs+cLKq5+I5onOuwQLhQwiu63xxlHs4=
gopkg.in/fsnotify.v1 v1.4.7/go.mod h1:Tz8NjZHkW78fSQdbUxIjBTcgA1z1m8ZHf0WmKUhAMys=
gopkg.in/tomb.v1 v1.0.0-20141024135613-dd632973f1e7 h1:uRGJdciOHaEIrze2W8Q3AKkepLTh2hOroT7a+7czfdQ=
gopkg.in/tomb.v1 v1.0.0-20141024135613-dd632973f1e7/go.mod h1:dt/ZhP58zS4L8KSrWDmTeBkI65Dw0HsyUHuEVlX15mw=
gopkg.in/yaml.v2 v2.2.1 h1:mUhvW9EsL+naU5Q3cakzfE91YhliOondGd6ZrsDBHQE=
gopkg.in/yaml.v2 v2.2.1/go.mod h1:hI93XBmqTisBFMUTm0b8Fm+jr3Dg1NNxqwp+5A1VGuI=
gopkg.in/yaml.v2 v2.2.4/go.mod h1:hI93XBmqTisBFMUTm0b8Fm+jr3Dg1NNxqwp+5A1VGuI=
rsc.io/quote/v3 v3.1.0/go.mod h1:yEA65RcK8LyAZtP9Kv3t0HmxON59tX3rD+tICJqUlj0=
rsc.io/sampler v1.3.0/go.mod h1:T1hPZKmBbMNahiBKFy5HrXp6adAjACjK9JXDnKaTXpA=
